
Microsoft Visual Studio Solution File, Format Version 12.00
# Visual Studio Version 17
VisualStudioVersion = 17.7.34202.233
MinimumVisualStudioVersion = 10.0.40219.1
Project("{FAE04EC0-301F-11D3-BF4B-00C04F79EFBC}") = "ReRe", "ReRe\ReRe.csproj", "{D85A14D6-5298-48A5-B3A3-A4D08B67DF6C}"
EndProject
Project("{FAE04EC0-301F-11D3-BF4B-00C04F79EFBC}") = "ConsoleApp1", "ConsoleApp1\ConsoleApp1.csproj", "{37D6A0BC-A34C-400E-8E40-FC154188E2D5}"
EndProject
Global
	GlobalSection(SolutionConfigurationPlatforms) = preSolution
		Debug|Any CPU = Debug|Any CPU
		Release|Any CPU = Release|Any CPU
	EndGlobalSection
	GlobalSection(ProjectConfigurationPlatforms) = postSolution
		{D85A14D6-5298-48A5-B3A3-A4D08B67DF6C}.Debug|Any CPU.ActiveCfg = Debug|Any CPU
		{D85A14D6-5298-48A5-B3A3-A4D08B67DF6C}.Debug|Any CPU.Build.0 = Debug|Any CPU
		{D85A14D6-5298-48A5-B3A3-A4D08B67DF6C}.Release|Any CPU.ActiveCfg = Release|Any CPU
		{D85A14D6-5298-48A5-B3A3-A4D08B67DF6C}.Release|Any CPU.Build.0 = Release|Any CPU
		{37D6A0BC-A34C-400E-8E40-FC154188E2D5}.Debug|Any CPU.ActiveCfg = Debug|Any CPU
		{37D6A0BC-A34C-400E-8E40-FC154188E2D5}.Debug|Any CPU.Build.0 = Debug|Any CPU
		{37D6A0BC-A34C-400E-8E40-FC154188E2D5}.Release|Any CPU.ActiveCfg = Release|Any CPU
		{37D6A0BC-A34C-400E-8E40-FC154188E2D5}.Release|Any CPU.Build.0 = Release|Any CPU
	EndGlobalSection
	GlobalSection(SolutionProperties) = preSolution
		HideSolutionNode = FALSE
	EndGlobalSection
	GlobalSection(ExtensibilityGlobals) = postSolution
		SolutionGuid = {0B5A9D3A-2A7F-4EF6-9A2E-5184072250B4}
	EndGlobalSection
EndGlobal
