
Microsoft Visual Studio Solution File, Format Version 12.00
# Visual Studio Version 17
VisualStudioVersion = 17.7.34202.233
MinimumVisualStudioVersion = 10.0.40219.1
Project("{9A19103F-16F7-4668-BE54-9A1E7A4F7556}") = "MultiThreading", "MultiThreading\MultiThreading.csproj", "{110A1129-E619-4A27-A725-F81FA662ED6F}"
EndProject
Project("{FAE04EC0-301F-11D3-BF4B-00C04F79EFBC}") = "MultiThreadingAsyncAwait", "MultiThreadingAsyncAwait\MultiThreadingAsyncAwait.csproj", "{C1E002D5-8162-4064-A73D-BC0462D3A792}"
EndProject
Global
	GlobalSection(SolutionConfigurationPlatforms) = preSolution
		Debug|Any CPU = Debug|Any CPU
		Release|Any CPU = Release|Any CPU
	EndGlobalSection
	GlobalSection(ProjectConfigurationPlatforms) = postSolution
		{110A1129-E619-4A27-A725-F81FA662ED6F}.Debug|Any CPU.ActiveCfg = Debug|Any CPU
		{110A1129-E619-4A27-A725-F81FA662ED6F}.Debug|Any CPU.Build.0 = Debug|Any CPU
		{110A1129-E619-4A27-A725-F81FA662ED6F}.Release|Any CPU.ActiveCfg = Release|Any CPU
		{110A1129-E619-4A27-A725-F81FA662ED6F}.Release|Any CPU.Build.0 = Release|Any CPU
		{C1E002D5-8162-4064-A73D-BC0462D3A792}.Debug|Any CPU.ActiveCfg = Debug|Any CPU
		{C1E002D5-8162-4064-A73D-BC0462D3A792}.Debug|Any CPU.Build.0 = Debug|Any CPU
		{C1E002D5-8162-4064-A73D-BC0462D3A792}.Release|Any CPU.ActiveCfg = Release|Any CPU
		{C1E002D5-8162-4064-A73D-BC0462D3A792}.Release|Any CPU.Build.0 = Release|Any CPU
	EndGlobalSection
	GlobalSection(SolutionProperties) = preSolution
		HideSolutionNode = FALSE
	EndGlobalSection
	GlobalSection(ExtensibilityGlobals) = postSolution
		SolutionGuid = {C4C70658-1161-4DE5-BC97-84357E873D40}
	EndGlobalSection
EndGlobal
